Microsoft Visual Studio Solution File, Format Version 11.00
# Visual Studio 2008

Project("{09C21FE0-1772-A67C-CD60-1F7001AE6E28}") = "AirFighter", "Assembly-CSharp.csproj", "{C0B9F07E-D6CE-9FD7-2113-865B0DBF9973}"
EndProject
Global
	GlobalSection(SolutionConfigurationPlatforms) = preSolution
		Debug|Any CPU = Debug|Any CPU
		Release|Any CPU = Release|Any CPU
	EndGlobalSection
	GlobalSection(ProjectConfigurationPlatforms) = postSolution
		{C0B9F07E-D6CE-9FD7-2113-865B0DBF9973}.Debug|Any CPU.ActiveCfg = Debug|Any CPU
		{C0B9F07E-D6CE-9FD7-2113-865B0DBF9973}.Debug|Any CPU.Build.0 = Debug|Any CPU
		{C0B9F07E-D6CE-9FD7-2113-865B0DBF9973}.Release|Any CPU.ActiveCfg = Release|Any CPU
		{C0B9F07E-D6CE-9FD7-2113-865B0DBF9973}.Release|Any CPU.Build.0 = Release|Any CPU
	EndGlobalSection
	GlobalSection(SolutionProperties) = preSolution
		HideSolutionNode = FALSE
	EndGlobalSection
	GlobalSection(MonoDevelopProperties) = preSolution
		StartupItem = Assembly-CSharp.csproj
	EndGlobalSection
EndGlobal
